{
  "name": "no-name",
  "lockfileVersion": 3,
  "requires": true,
  "packages": {
    "node_modules/@vaadin/router": {
      "version": "2.0.0",
      "resolved": "https://registry.npmjs.org/@vaadin/router/-/router-2.0.0.tgz",
      "integrity": "sha512-IjOlzuUsrVhfBId+ypcdDLM3+GZHo64DUlkr8IjFe04A4kMvt0zVFIpPH03X52/tMiwyYOF0Sw6p53DXkWiZcA==",
      "license": "Apache-2.0",
      "dependencies": {
        "@vaadin/vaadin-usage-statistics": "^2.1.2",
        "path-to-regexp": "^6.3.0",
        "type-fest": "^4.26.1"
      }
    }
  }
}
