{
  "name": "no-name",
  "lockfileVersion": 3,
  "requires": true,
  "packages": {
    "node_modules/dompurify": {
      "version": "3.2.7",
      "resolved": "https://registry.npmjs.org/dompurify/-/dompurify-3.2.7.tgz",
      "integrity": "sha512-WhL/YuveyGXJaerVlMYGWhvQswa7myDG17P7Vu65EWC05o8vfeNbvNf4d/BOvH99+ZW+LlQsc1GDKMa1vNK6dw==",
      "license": "(MPL-2.0 OR Apache-2.0)",
      "optionalDependencies": {
        "@types/trusted-types": "^2.0.7"
      }
    },
    "node_modules/ol": {
      "version": "6.13.0",
      "resolved": "https://registry.npmjs.org/ol/-/ol-6.13.0.tgz",
      "integrity": "sha512-Fa6yt+FArWE9fwYRRhi/8+ULcFDRS2ZuDcLp3R9bQeDVa5T4E4TT9iqLeJhmHG+bzWiLWJHIeFUqw8GD2gW0YA==",
      "license": "BSD-2-Clause",
      "optional": true,
      "dependencies": {
        "geotiff": "^2.0.2",
        "ol-mapbox-style": "^7.0.0",
        "pbf": "3.2.1",
        "rbush": "^3.0.1"
      },
      "funding": {
        "type": "opencollective",
        "url": "https://opencollective.com/openlayers"
      }
    }
  }
}
